
Microsoft Visual Studio Solution File, Format Version 12.00
# Visual Studio Version 17
VisualStudioVersion = 17.6.33829.357
MinimumVisualStudioVersion = 10.0.40219.1
Project("{2150E333-8FDC-42A3-9474-1A3956D46DE8}") = "src", "src", "{43D3F660-4AB1-4314-9454-DA2E39AD1424}"
EndProject
Project("{2150E333-8FDC-42A3-9474-1A3956D46DE8}") = "Building Blocks", "Building Blocks", "{7DE0259B-309D-4A7B-B1F7-523A336B42E2}"
EndProject
Project("{2150E333-8FDC-42A3-9474-1A3956D46DE8}") = "Services", "Services", "{5E5E0FC0-C135-4890-8CF8-0919BF7AFA3B}"
EndProject
Project("{2150E333-8FDC-42A3-9474-1A3956D46DE8}") = "Identity", "Identity", "{0B6002AF-EC9D-40F0-A09F-4E88604C1171}"
EndProject
Project("{9A19103F-16F7-4668-BE54-9A1E7A4F7556}") = "PlanningBet.Users.API", "src\services\PlanningBet.Users.API\PlanningBet.Users.API.csproj", "{897506E2-DB50-40C2-B2F4-F705E45930B6}"
EndProject
Project("{2150E333-8FDC-42A3-9474-1A3956D46DE8}") = "Core", "Core", "{432C9C06-120A-4312-A9E6-11D3C3212CB2}"
EndProject
Project("{9A19103F-16F7-4668-BE54-9A1E7A4F7556}") = "PlanningBet.Core", "src\building blocks\PlanningBet.Core\PlanningBet.Core.csproj", "{73D34E5E-EFE3-4C72-90CE-18D022543779}"
EndProject
Project("{2150E333-8FDC-42A3-9474-1A3956D46DE8}") = "Sync", "Sync", "{2C843781-9ECA-4E06-B00D-91BC105A251D}"
EndProject
Project("{2150E333-8FDC-42A3-9474-1A3956D46DE8}") = "Team", "Team", "{E1FE5BF1-1198-46EC-95E8-047C29211A1D}"
EndProject
Project("{2150E333-8FDC-42A3-9474-1A3956D46DE8}") = "League", "League", "{FD6D7C2C-7B2A-4F96-9AEB-EB99FEFC0D9D}"
EndProject
Project("{2150E333-8FDC-42A3-9474-1A3956D46DE8}") = "Insight", "Insight", "{54EAE377-43F2-4204-8CEA-DA68CED7E172}"
EndProject
Project("{2150E333-8FDC-42A3-9474-1A3956D46DE8}") = "Fixture", "Fixture", "{B969EEDF-8DFF-48EF-A2AA-45EDB10DB7D2}"
EndProject
Project("{2150E333-8FDC-42A3-9474-1A3956D46DE8}") = "Stats", "Stats", "{529F69D4-2261-426A-9C2B-647593C0EA7A}"
EndProject
Project("{9A19103F-16F7-4668-BE54-9A1E7A4F7556}") = "PlanningBet.Insights.API", "src\services\PlanningBet.Insights.API\PlanningBet.Insights.API.csproj", "{223E0F47-4DF4-49A0-AF37-A9C49A0BA7C9}"
EndProject
Project("{9A19103F-16F7-4668-BE54-9A1E7A4F7556}") = "PlanningBet.Stats.API", "src\services\PlanningBet.Stats.API\PlanningBet.Stats.API.csproj", "{C5C001B7-AC04-48AE-9701-8A347F0B92E1}"
EndProject
Project("{2150E333-8FDC-42A3-9474-1A3956D46DE8}") = "Bets", "Bets", "{E09A6980-0FDF-4A5C-BFE8-D1C3EB3B20EB}"
EndProject
Project("{9A19103F-16F7-4668-BE54-9A1E7A4F7556}") = "PlanningBet.Bets.API", "src\services\PlanningBet.Bets.API\PlanningBet.Bets.API.csproj", "{7A4D4554-CCC6-42C1-BE9E-7F404C1B063F}"
EndProject
Project("{9A19103F-16F7-4668-BE54-9A1E7A4F7556}") = "PlanningBet.Teams.API", "src\services\PlanningBet.Teams.API\PlanningBet.Teams.API.csproj", "{BF097669-54CE-491E-81D0-8F6B7975DA40}"
EndProject
Project("{9A19103F-16F7-4668-BE54-9A1E7A4F7556}") = "PlanningBet.Leagues.API", "src\services\PlanningBet.Leagues.API\PlanningBet.Leagues.API.csproj", "{42792AAC-1FBF-4A43-AC7A-3AAE935CAD2A}"
EndProject
Global
	GlobalSection(SolutionConfigurationPlatforms) = preSolution
		Debug|Any CPU = Debug|Any CPU
		Release|Any CPU = Release|Any CPU
	EndGlobalSection
	GlobalSection(ProjectConfigurationPlatforms) = postSolution
		{897506E2-DB50-40C2-B2F4-F705E45930B6}.Debug|Any CPU.ActiveCfg = Debug|Any CPU
		{897506E2-DB50-40C2-B2F4-F705E45930B6}.Debug|Any CPU.Build.0 = Debug|Any CPU
		{897506E2-DB50-40C2-B2F4-F705E45930B6}.Release|Any CPU.ActiveCfg = Release|Any CPU
		{897506E2-DB50-40C2-B2F4-F705E45930B6}.Release|Any CPU.Build.0 = Release|Any CPU
		{73D34E5E-EFE3-4C72-90CE-18D022543779}.Debug|Any CPU.ActiveCfg = Debug|Any CPU
		{73D34E5E-EFE3-4C72-90CE-18D022543779}.Debug|Any CPU.Build.0 = Debug|Any CPU
		{73D34E5E-EFE3-4C72-90CE-18D022543779}.Release|Any CPU.ActiveCfg = Release|Any CPU
		{73D34E5E-EFE3-4C72-90CE-18D022543779}.Release|Any CPU.Build.0 = Release|Any CPU
		{223E0F47-4DF4-49A0-AF37-A9C49A0BA7C9}.Debug|Any CPU.ActiveCfg = Debug|Any CPU
		{223E0F47-4DF4-49A0-AF37-A9C49A0BA7C9}.Debug|Any CPU.Build.0 = Debug|Any CPU
		{223E0F47-4DF4-49A0-AF37-A9C49A0BA7C9}.Release|Any CPU.ActiveCfg = Release|Any CPU
		{223E0F47-4DF4-49A0-AF37-A9C49A0BA7C9}.Release|Any CPU.Build.0 = Release|Any CPU
		{C5C001B7-AC04-48AE-9701-8A347F0B92E1}.Debug|Any CPU.ActiveCfg = Debug|Any CPU
		{C5C001B7-AC04-48AE-9701-8A347F0B92E1}.Debug|Any CPU.Build.0 = Debug|Any CPU
		{C5C001B7-AC04-48AE-9701-8A347F0B92E1}.Release|Any CPU.ActiveCfg = Release|Any CPU
		{C5C001B7-AC04-48AE-9701-8A347F0B92E1}.Release|Any CPU.Build.0 = Release|Any CPU
		{7A4D4554-CCC6-42C1-BE9E-7F404C1B063F}.Debug|Any CPU.ActiveCfg = Debug|Any CPU
		{7A4D4554-CCC6-42C1-BE9E-7F404C1B063F}.Debug|Any CPU.Build.0 = Debug|Any CPU
		{7A4D4554-CCC6-42C1-BE9E-7F404C1B063F}.Release|Any CPU.ActiveCfg = Release|Any CPU
		{7A4D4554-CCC6-42C1-BE9E-7F404C1B063F}.Release|Any CPU.Build.0 = Release|Any CPU
		{BF097669-54CE-491E-81D0-8F6B7975DA40}.Debug|Any CPU.ActiveCfg = Debug|Any CPU
		{BF097669-54CE-491E-81D0-8F6B7975DA40}.Debug|Any CPU.Build.0 = Debug|Any CPU
		{BF097669-54CE-491E-81D0-8F6B7975DA40}.Release|Any CPU.ActiveCfg = Release|Any CPU
		{BF097669-54CE-491E-81D0-8F6B7975DA40}.Release|Any CPU.Build.0 = Release|Any CPU
		{42792AAC-1FBF-4A43-AC7A-3AAE935CAD2A}.Debug|Any CPU.ActiveCfg = Debug|Any CPU
		{42792AAC-1FBF-4A43-AC7A-3AAE935CAD2A}.Debug|Any CPU.Build.0 = Debug|Any CPU
		{42792AAC-1FBF-4A43-AC7A-3AAE935CAD2A}.Release|Any CPU.ActiveCfg = Release|Any CPU
		{42792AAC-1FBF-4A43-AC7A-3AAE935CAD2A}.Release|Any CPU.Build.0 = Release|Any CPU
	EndGlobalSection
	GlobalSection(SolutionProperties) = preSolution
		HideSolutionNode = FALSE
	EndGlobalSection
	GlobalSection(NestedProjects) = preSolution
		{7DE0259B-309D-4A7B-B1F7-523A336B42E2} = {43D3F660-4AB1-4314-9454-DA2E39AD1424}
		{5E5E0FC0-C135-4890-8CF8-0919BF7AFA3B} = {43D3F660-4AB1-4314-9454-DA2E39AD1424}
		{0B6002AF-EC9D-40F0-A09F-4E88604C1171} = {5E5E0FC0-C135-4890-8CF8-0919BF7AFA3B}
		{897506E2-DB50-40C2-B2F4-F705E45930B6} = {0B6002AF-EC9D-40F0-A09F-4E88604C1171}
		{432C9C06-120A-4312-A9E6-11D3C3212CB2} = {7DE0259B-309D-4A7B-B1F7-523A336B42E2}
		{73D34E5E-EFE3-4C72-90CE-18D022543779} = {432C9C06-120A-4312-A9E6-11D3C3212CB2}
		{2C843781-9ECA-4E06-B00D-91BC105A251D} = {5E5E0FC0-C135-4890-8CF8-0919BF7AFA3B}
		{E1FE5BF1-1198-46EC-95E8-047C29211A1D} = {5E5E0FC0-C135-4890-8CF8-0919BF7AFA3B}
		{FD6D7C2C-7B2A-4F96-9AEB-EB99FEFC0D9D} = {5E5E0FC0-C135-4890-8CF8-0919BF7AFA3B}
		{54EAE377-43F2-4204-8CEA-DA68CED7E172} = {5E5E0FC0-C135-4890-8CF8-0919BF7AFA3B}
		{B969EEDF-8DFF-48EF-A2AA-45EDB10DB7D2} = {5E5E0FC0-C135-4890-8CF8-0919BF7AFA3B}
		{529F69D4-2261-426A-9C2B-647593C0EA7A} = {5E5E0FC0-C135-4890-8CF8-0919BF7AFA3B}
		{223E0F47-4DF4-49A0-AF37-A9C49A0BA7C9} = {54EAE377-43F2-4204-8CEA-DA68CED7E172}
		{C5C001B7-AC04-48AE-9701-8A347F0B92E1} = {529F69D4-2261-426A-9C2B-647593C0EA7A}
		{E09A6980-0FDF-4A5C-BFE8-D1C3EB3B20EB} = {5E5E0FC0-C135-4890-8CF8-0919BF7AFA3B}
		{7A4D4554-CCC6-42C1-BE9E-7F404C1B063F} = {E09A6980-0FDF-4A5C-BFE8-D1C3EB3B20EB}
		{BF097669-54CE-491E-81D0-8F6B7975DA40} = {E1FE5BF1-1198-46EC-95E8-047C29211A1D}
		{42792AAC-1FBF-4A43-AC7A-3AAE935CAD2A} = {FD6D7C2C-7B2A-4F96-9AEB-EB99FEFC0D9D}
	EndGlobalSection
	GlobalSection(ExtensibilityGlobals) = postSolution
		SolutionGuid = {82CF3150-EEB6-478B-AA80-D3FCA93C44BE}
	EndGlobalSection
EndGlobal
